// !$*UTF8*$!
{
	archiveVersion = 1;
	classes = {
	};
	objectVersion = 56;
	objects = {

/* Begin PBXBuildFile section */
		A4C9B09E2B76721A0006429F /* LogoutButton.swift in Sources */ = {isa = PBXBuildFile; fileRef = A4C9B09D2B76721A0006429F /* LogoutButton.swift */; };
		A4FBE1662B7572C000D2426A /* SignInScreen.swift in Sources */ = {isa = PBXBuildFile; fileRef = A4FBE1652B7572C000D2426A /* SignInScreen.swift */; };
		A4FBE16B2B7575C200D2426A /* FirebaseAnalytics in Frameworks */ = {isa = PBXBuildFile; productRef = A4FBE16A2B7575C200D2426A /* FirebaseAnalytics */; };
		A4FBE16D2B7575C200D2426A /* FirebaseAnalyticsOnDeviceConversion in Frameworks */ = {isa = PBXBuildFile; productRef = A4FBE16C2B7575C200D2426A /* FirebaseAnalyticsOnDeviceConversion */; };
		A4FBE16F2B7575C200D2426A /* FirebaseAnalyticsSwift in Frameworks */ = {isa = PBXBuildFile; productRef = A4FBE16E2B7575C200D2426A /* FirebaseAnalyticsSwift */; };
		A4FBE1712B7575C200D2426A /* FirebaseAnalyticsWithoutAdIdSupport in Frameworks */ = {isa = PBXBuildFile; productRef = A4FBE1702B7575C200D2426A /* FirebaseAnalyticsWithoutAdIdSupport */; };
		A4FBE1732B7575C200D2426A /* FirebaseAppCheck in Frameworks */ = {isa = PBXBuildFile; productRef = A4FBE1722B7575C200D2426A /* FirebaseAppCheck */; };
		A4FBE1752B757C2F00D2426A /* FirebaseAnalytics in Frameworks */ = {isa = PBXBuildFile; productRef = A4FBE1742B757C2F00D2426A /* FirebaseAnalytics */; };
		A4FBE1772B757C2F00D2426A /* FirebaseAnalyticsOnDeviceConversion in Frameworks */ = {isa = PBXBuildFile; productRef = A4FBE1762B757C2F00D2426A /* FirebaseAnalyticsOnDeviceConversion */; };
		A4FBE1792B757C2F00D2426A /* FirebaseAnalyticsSwift in Frameworks */ = {isa = PBXBuildFile; productRef = A4FBE1782B757C2F00D2426A /* FirebaseAnalyticsSwift */; };
		A4FBE17B2B757C2F00D2426A /* FirebaseAnalyticsWithoutAdIdSupport in Frameworks */ = {isa = PBXBuildFile; productRef = A4FBE17A2B757C2F00D2426A /* FirebaseAnalyticsWithoutAdIdSupport */; };
		A4FBE17D2B757C2F00D2426A /* FirebaseAppCheck in Frameworks */ = {isa = PBXBuildFile; productRef = A4FBE17C2B757C2F00D2426A /* FirebaseAppCheck */; };
		A4FBE17F2B757C2F00D2426A /* FirebaseAppDistribution-Beta in Frameworks */ = {isa = PBXBuildFile; productRef = A4FBE17E2B757C2F00D2426A /* FirebaseAppDistribution-Beta */; };
		A4FBE1812B757C2F00D2426A /* FirebaseAuth in Frameworks */ = {isa = PBXBuildFile; productRef = A4FBE1802B757C2F00D2426A /* FirebaseAuth */; };
		A4FBE1832B757C2F00D2426A /* FirebaseAuthCombine-Community in Frameworks */ = {isa = PBXBuildFile; productRef = A4FBE1822B757C2F00D2426A /* FirebaseAuthCombine-Community */; };
		A4FBE1852B757C2F00D2426A /* FirebaseCrashlytics in Frameworks */ = {isa = PBXBuildFile; productRef = A4FBE1842B757C2F00D2426A /* FirebaseCrashlytics */; };
		A4FBE1872B757C2F00D2426A /* FirebaseDatabase in Frameworks */ = {isa = PBXBuildFile; productRef = A4FBE1862B757C2F00D2426A /* FirebaseDatabase */; };
		A4FBE1892B757C2F00D2426A /* FirebaseDatabaseSwift in Frameworks */ = {isa = PBXBuildFile; productRef = A4FBE1882B757C2F00D2426A /* FirebaseDatabaseSwift */; };
		A4FBE18B2B757C2F00D2426A /* FirebaseDynamicLinks in Frameworks */ = {isa = PBXBuildFile; productRef = A4FBE18A2B757C2F00D2426A /* FirebaseDynamicLinks */; };
		A4FBE18D2B757C2F00D2426A /* FirebaseFirestore in Frameworks */ = {isa = PBXBuildFile; productRef = A4FBE18C2B757C2F00D2426A /* FirebaseFirestore */; };
		A4FBE18F2B757C2F00D2426A /* FirebaseFirestoreCombine-Community in Frameworks */ = {isa = PBXBuildFile; productRef = A4FBE18E2B757C2F00D2426A /* FirebaseFirestoreCombine-Community */; };
		A4FBE1912B757C2F00D2426A /* FirebaseFirestoreSwift in Frameworks */ = {isa = PBXBuildFile; productRef = A4FBE1902B757C2F00D2426A /* FirebaseFirestoreSwift */; };
		A4FBE1932B757C2F00D2426A /* FirebaseFunctions in Frameworks */ = {isa = PBXBuildFile; productRef = A4FBE1922B757C2F00D2426A /* FirebaseFunctions */; };
		A4FBE1952B757C2F00D2426A /* FirebaseFunctionsCombine-Community in Frameworks */ = {isa = PBXBuildFile; productRef = A4FBE1942B757C2F00D2426A /* FirebaseFunctionsCombine-Community */; };
		A4FBE1972B757C2F00D2426A /* FirebaseInAppMessaging-Beta in Frameworks */ = {isa = PBXBuildFile; productRef = A4FBE1962B757C2F00D2426A /* FirebaseInAppMessaging-Beta */; };
		A4FBE1992B757C2F00D2426A /* FirebaseInAppMessagingSwift-Beta in Frameworks */ = {isa = PBXBuildFile; productRef = A4FBE1982B757C2F00D2426A /* FirebaseInAppMessagingSwift-Beta */; };
		A4FBE19B2B757C2F00D2426A /* FirebaseInstallations in Frameworks */ = {isa = PBXBuildFile; productRef = A4FBE19A2B757C2F00D2426A /* FirebaseInstallations */; };
		A4FBE19D2B757C2F00D2426A /* FirebaseMLModelDownloader in Frameworks */ = {isa = PBXBuildFile; productRef = A4FBE19C2B757C2F00D2426A /* FirebaseMLModelDownloader */; };
		A4FBE19F2B757C2F00D2426A /* FirebaseMessaging in Frameworks */ = {isa = PBXBuildFile; productRef = A4FBE19E2B757C2F00D2426A /* FirebaseMessaging */; };
		A4FBE1A12B757C2F00D2426A /* FirebasePerformance in Frameworks */ = {isa = PBXBuildFile; productRef = A4FBE1A02B757C2F00D2426A /* FirebasePerformance */; };
		A4FBE1A32B757C2F00D2426A /* FirebaseRemoteConfig in Frameworks */ = {isa = PBXBuildFile; productRef = A4FBE1A22B757C2F00D2426A /* FirebaseRemoteConfig */; };
		A4FBE1A52B757C2F00D2426A /* FirebaseRemoteConfigSwift in Frameworks */ = {isa = PBXBuildFile; productRef = A4FBE1A42B757C2F00D2426A /* FirebaseRemoteConfigSwift */; };
		A4FBE1A72B757C2F00D2426A /* FirebaseStorage in Frameworks */ = {isa = PBXBuildFile; productRef = A4FBE1A62B757C2F00D2426A /* FirebaseStorage */; };
		A4FBE1A92B757C2F00D2426A /* FirebaseStorageCombine-Community in Frameworks */ = {isa = PBXBuildFile; productRef = A4FBE1A82B757C2F00D2426A /* FirebaseStorageCombine-Community */; };
		A4FBE1AB2B757C4E00D2426A /* FirebaseAnalytics in Frameworks */ = {isa = PBXBuildFile; productRef = A4FBE1AA2B757C4E00D2426A /* FirebaseAnalytics */; };
		A4FBE1AD2B757C4E00D2426A /* FirebaseAnalyticsOnDeviceConversion in Frameworks */ = {isa = PBXBuildFile; productRef = A4FBE1AC2B757C4E00D2426A /* FirebaseAnalyticsOnDeviceConversion */; };
		A4FBE1AF2B757C4E00D2426A /* FirebaseAnalyticsSwift in Frameworks */ = {isa = PBXBuildFile; productRef = A4FBE1AE2B757C4E00D2426A /* FirebaseAnalyticsSwift */; };
		A4FBE1B12B757C4E00D2426A /* FirebaseAnalyticsWithoutAdIdSupport in Frameworks */ = {isa = PBXBuildFile; productRef = A4FBE1B02B757C4E00D2426A /* FirebaseAnalyticsWithoutAdIdSupport */; };
		A4FBE1B32B757C4E00D2426A /* FirebaseAppCheck in Frameworks */ = {isa = PBXBuildFile; productRef = A4FBE1B22B757C4E00D2426A /* FirebaseAppCheck */; };
		A4FBE1B52B757C4E00D2426A /* FirebaseAppDistribution-Beta in Frameworks */ = {isa = PBXBuildFile; productRef = A4FBE1B42B757C4E00D2426A /* FirebaseAppDistribution-Beta */; };
		A4FBE1B72B757C4E00D2426A /* FirebaseAuth in Frameworks */ = {isa = PBXBuildFile; productRef = A4FBE1B62B757C4E00D2426A /* FirebaseAuth */; };
		A4FBE1B92B757C4E00D2426A /* FirebaseAuthCombine-Community in Frameworks */ = {isa = PBXBuildFile; productRef = A4FBE1B82B757C4E00D2426A /* FirebaseAuthCombine-Community */; };
		A4FBE1BB2B757C4E00D2426A /* FirebaseCrashlytics in Frameworks */ = {isa = PBXBuildFile; productRef = A4FBE1BA2B757C4E00D2426A /* FirebaseCrashlytics */; };
		A4FBE1BD2B757C4E00D2426A /* FirebaseDatabase in Frameworks */ = {isa = PBXBuildFile; productRef = A4FBE1BC2B757C4E00D2426A /* FirebaseDatabase */; };
		A4FBE1BF2B757C4E00D2426A /* FirebaseDatabaseSwift in Frameworks */ = {isa = PBXBuildFile; productRef = A4FBE1BE2B757C4E00D2426A /* FirebaseDatabaseSwift */; };
		A4FBE1C12B757C4E00D2426A /* FirebaseDynamicLinks in Frameworks */ = {isa = PBXBuildFile; productRef = A4FBE1C02B757C4E00D2426A /* FirebaseDynamicLinks */; };
		A4FBE1C32B757C4E00D2426A /* FirebaseFirestore in Frameworks */ = {isa = PBXBuildFile; productRef = A4FBE1C22B757C4E00D2426A /* FirebaseFirestore */; };
		A4FBE1C52B757C4E00D2426A /* FirebaseFirestoreCombine-Community in Frameworks */ = {isa = PBXBuildFile; productRef = A4FBE1C42B757C4E00D2426A /* FirebaseFirestoreCombine-Community */; };
		A4FBE1C72B757C4E00D2426A /* FirebaseFirestoreSwift in Frameworks */ = {isa = PBXBuildFile; productRef = A4FBE1C62B757C4E00D2426A /* FirebaseFirestoreSwift */; };
		A4FBE1C92B757C4E00D2426A /* FirebaseFunctions in Frameworks */ = {isa = PBXBuildFile; productRef = A4FBE1C82B757C4E00D2426A /* FirebaseFunctions */; };
		A4FBE1CB2B757C4E00D2426A /* FirebaseFunctionsCombine-Community in Frameworks */ = {isa = PBXBuildFile; productRef = A4FBE1CA2B757C4E00D2426A /* FirebaseFunctionsCombine-Community */; };
		A4FBE1CD2B757C4E00D2426A /* FirebaseInAppMessaging-Beta in Frameworks */ = {isa = PBXBuildFile; productRef = A4FBE1CC2B757C4E00D2426A /* FirebaseInAppMessaging-Beta */; };
		A4FBE1CF2B757C4E00D2426A /* FirebaseInAppMessagingSwift-Beta in Frameworks */ = {isa = PBXBuildFile; productRef = A4FBE1CE2B757C4E00D2426A /* FirebaseInAppMessagingSwift-Beta */; };
		A4FBE1D12B757C4E00D2426A /* FirebaseInstallations in Frameworks */ = {isa = PBXBuildFile; productRef = A4FBE1D02B757C4E00D2426A /* FirebaseInstallations */; };
		A4FBE1D32B757C4E00D2426A /* FirebaseMLModelDownloader in Frameworks */ = {isa = PBXBuildFile; productRef = A4FBE1D22B757C4E00D2426A /* FirebaseMLModelDownloader */; };
		A4FBE1D52B757C4E00D2426A /* FirebaseMessaging in Frameworks */ = {isa = PBXBuildFile; productRef = A4FBE1D42B757C4E00D2426A /* FirebaseMessaging */; };
		A4FBE1D72B757C4E00D2426A /* FirebasePerformance in Frameworks */ = {isa = PBXBuildFile; productRef = A4FBE1D62B757C4E00D2426A /* FirebasePerformance */; };
		A4FBE1D92B757C4E00D2426A /* FirebaseRemoteConfig in Frameworks */ = {isa = PBXBuildFile; productRef = A4FBE1D82B757C4E00D2426A /* FirebaseRemoteConfig */; };
		A4FBE1DB2B757C4E00D2426A /* FirebaseRemoteConfigSwift in Frameworks */ = {isa = PBXBuildFile; productRef = A4FBE1DA2B757C4E00D2426A /* FirebaseRemoteConfigSwift */; };
		A4FBE1DD2B757C4E00D2426A /* FirebaseStorage in Frameworks */ = {isa = PBXBuildFile; productRef = A4FBE1DC2B757C4E00D2426A /* FirebaseStorage */; };
		A4FBE1DF2B757C4E00D2426A /* FirebaseStorageCombine-Community in Frameworks */ = {isa = PBXBuildFile; productRef = A4FBE1DE2B757C4E00D2426A /* FirebaseStorageCombine-Community */; };
		CA127CA72B769C7E008B502A /* GoogleService-Info.plist in Resources */ = {isa = PBXBuildFile; fileRef = CA127CA62B769C7E008B502A /* GoogleService-Info.plist */; };
		CA127CAA2B769E97008B502A /* AuthService.swift in Sources */ = {isa = PBXBuildFile; fileRef = CA127CA92B769E97008B502A /* AuthService.swift */; };
		CA127CAC2B769EE6008B502A /* SignUpScreen.swift in Sources */ = {isa = PBXBuildFile; fileRef = CA127CAB2B769EE6008B502A /* SignUpScreen.swift */; };
		CA127CB02B76A503008B502A /* EmailTextField.swift in Sources */ = {isa = PBXBuildFile; fileRef = CA127CAF2B76A503008B502A /* EmailTextField.swift */; };
		CA127CB22B76A50A008B502A /* PasswordTextField.swift in Sources */ = {isa = PBXBuildFile; fileRef = CA127CB12B76A50A008B502A /* PasswordTextField.swift */; };
		CA127CB42B76A518008B502A /* AuthButton.swift in Sources */ = {isa = PBXBuildFile; fileRef = CA127CB32B76A518008B502A /* AuthButton.swift */; };
		CAA9D67D2B66940A0070D58D /* DigitalbumApp.swift in Sources */ = {isa = PBXBuildFile; fileRef = CAA9D67C2B66940A0070D58D /* DigitalbumApp.swift */; };
		CAA9D67F2B66940A0070D58D /* ContentView.swift in Sources */ = {isa = PBXBuildFile; fileRef = CAA9D67E2B66940A0070D58D /* ContentView.swift */; };
		CAA9D6812B66940B0070D58D /* Assets.xcassets in Resources */ = {isa = PBXBuildFile; fileRef = CAA9D6802B66940B0070D58D /* Assets.xcassets */; };
		CAA9D6842B66940B0070D58D /* Preview Assets.xcassets in Resources */ = {isa = PBXBuildFile; fileRef = CAA9D6832B66940B0070D58D /* Preview Assets.xcassets */; };
		CAA9D68C2B6698470070D58D /* .swiftlint.yml in Resources */ = {isa = PBXBuildFile; fileRef = CAA9D68B2B6698470070D58D /* .swiftlint.yml */; };
		CAA9D68E2B66AF220070D58D /* HomeScreen.swift in Sources */ = {isa = PBXBuildFile; fileRef = CAA9D68D2B66AF220070D58D /* HomeScreen.swift */; };
		CAA9D6902B66B31C0070D58D /* Album.swift in Sources */ = {isa = PBXBuildFile; fileRef = CAA9D68F2B66B31C0070D58D /* Album.swift */; };
		CAA9D6922B66B32A0070D58D /* AlbumView.swift in Sources */ = {isa = PBXBuildFile; fileRef = CAA9D6912B66B32A0070D58D /* AlbumView.swift */; };
		CAA9D6942B66B8870070D58D /* EditAlbumScreen.swift in Sources */ = {isa = PBXBuildFile; fileRef = CAA9D6932B66B8870070D58D /* EditAlbumScreen.swift */; };
		CAA9D6962B66B9540070D58D /* NewAlbumButton.swift in Sources */ = {isa = PBXBuildFile; fileRef = CAA9D6952B66B9540070D58D /* NewAlbumButton.swift */; };
/* End PBXBuildFile section */

/* Begin PBXFileReference section */
		A4C9B09D2B76721A0006429F /* LogoutButton.swift */ = {isa = PBXFileReference; lastKnownFileType = sourcecode.swift; path = LogoutButton.swift; sourceTree = "<group>"; };
		A4FBE1652B7572C000D2426A /* SignInScreen.swift */ = {isa = PBXFileReference; lastKnownFileType = sourcecode.swift; path = SignInScreen.swift; sourceTree = "<group>"; };
		CA127CA62B769C7E008B502A /* GoogleService-Info.plist */ = {isa = PBXFileReference; fileEncoding = 4; lastKnownFileType = text.plist.xml; path = "GoogleService-Info.plist"; sourceTree = "<group>"; };
		CA127CA92B769E97008B502A /* AuthService.swift */ = {isa = PBXFileReference; lastKnownFileType = sourcecode.swift; path = AuthService.swift; sourceTree = "<group>"; };
		CA127CAB2B769EE6008B502A /* SignUpScreen.swift */ = {isa = PBXFileReference; lastKnownFileType = sourcecode.swift; path = SignUpScreen.swift; sourceTree = "<group>"; };
		CA127CAF2B76A503008B502A /* EmailTextField.swift */ = {isa = PBXFileReference; lastKnownFileType = sourcecode.swift; path = EmailTextField.swift; sourceTree = "<group>"; };
		CA127CB12B76A50A008B502A /* PasswordTextField.swift */ = {isa = PBXFileReference; lastKnownFileType = sourcecode.swift; path = PasswordTextField.swift; sourceTree = "<group>"; };
		CA127CB32B76A518008B502A /* AuthButton.swift */ = {isa = PBXFileReference; lastKnownFileType = sourcecode.swift; path = AuthButton.swift; sourceTree = "<group>"; };
		CAA9D6792B66940A0070D58D /* Digitalbum.app */ = {isa = PBXFileReference; explicitFileType = wrapper.application; includeInIndex = 0; path = Digitalbum.app; sourceTree = BUILT_PRODUCTS_DIR; };
		CAA9D67C2B66940A0070D58D /* DigitalbumApp.swift */ = {isa = PBXFileReference; lastKnownFileType = sourcecode.swift; path = DigitalbumApp.swift; sourceTree = "<group>"; };
		CAA9D67E2B66940A0070D58D /* ContentView.swift */ = {isa = PBXFileReference; lastKnownFileType = sourcecode.swift; path = ContentView.swift; sourceTree = "<group>"; };
		CAA9D6802B66940B0070D58D /* Assets.xcassets */ = {isa = PBXFileReference; lastKnownFileType = folder.assetcatalog; path = Assets.xcassets; sourceTree = "<group>"; };
		CAA9D6832B66940B0070D58D /* Preview Assets.xcassets */ = {isa = PBXFileReference; lastKnownFileType = folder.assetcatalog; path = "Preview Assets.xcassets"; sourceTree = "<group>"; };
		CAA9D68B2B6698470070D58D /* .swiftlint.yml */ = {isa = PBXFileReference; fileEncoding = 4; lastKnownFileType = text.yaml; path = .swiftlint.yml; sourceTree = "<group>"; };
		CAA9D68D2B66AF220070D58D /* HomeScreen.swift */ = {isa = PBXFileReference; lastKnownFileType = sourcecode.swift; path = HomeScreen.swift; sourceTree = "<group>"; };
		CAA9D68F2B66B31C0070D58D /* Album.swift */ = {isa = PBXFileReference; lastKnownFileType = sourcecode.swift; path = Album.swift; sourceTree = "<group>"; };
		CAA9D6912B66B32A0070D58D /* AlbumView.swift */ = {isa = PBXFileReference; lastKnownFileType = sourcecode.swift; path = AlbumView.swift; sourceTree = "<group>"; };
		CAA9D6932B66B8870070D58D /* EditAlbumScreen.swift */ = {isa = PBXFileReference; lastKnownFileType = sourcecode.swift; path = EditAlbumScreen.swift; sourceTree = "<group>"; };
		CAA9D6952B66B9540070D58D /* NewAlbumButton.swift */ = {isa = PBXFileReference; lastKnownFileType = sourcecode.swift; path = NewAlbumButton.swift; sourceTree = "<group>"; };
/* End PBXFileReference section */

/* Begin PBXFrameworksBuildPhase section */
		CAA9D6762B66940A0070D58D /* Frameworks */ = {
			isa = PBXFrameworksBuildPhase;
			buildActionMask = 2147483647;
			files = (
				A4FBE1D52B757C4E00D2426A /* FirebaseMessaging in Frameworks */,
				A4FBE19F2B757C2F00D2426A /* FirebaseMessaging in Frameworks */,
				A4FBE1CF2B757C4E00D2426A /* FirebaseInAppMessagingSwift-Beta in Frameworks */,
				A4FBE1AD2B757C4E00D2426A /* FirebaseAnalyticsOnDeviceConversion in Frameworks */,
				A4FBE18F2B757C2F00D2426A /* FirebaseFirestoreCombine-Community in Frameworks */,
				A4FBE1872B757C2F00D2426A /* FirebaseDatabase in Frameworks */,
				A4FBE1B32B757C4E00D2426A /* FirebaseAppCheck in Frameworks */,
				A4FBE1AF2B757C4E00D2426A /* FirebaseAnalyticsSwift in Frameworks */,
				A4FBE16F2B7575C200D2426A /* FirebaseAnalyticsSwift in Frameworks */,
				A4FBE1A72B757C2F00D2426A /* FirebaseStorage in Frameworks */,
				A4FBE1B12B757C4E00D2426A /* FirebaseAnalyticsWithoutAdIdSupport in Frameworks */,
				A4FBE1DD2B757C4E00D2426A /* FirebaseStorage in Frameworks */,
				A4FBE1DF2B757C4E00D2426A /* FirebaseStorageCombine-Community in Frameworks */,
				A4FBE16B2B7575C200D2426A /* FirebaseAnalytics in Frameworks */,
				A4FBE1B72B757C4E00D2426A /* FirebaseAuth in Frameworks */,
				A4FBE1752B757C2F00D2426A /* FirebaseAnalytics in Frameworks */,
				A4FBE1BD2B757C4E00D2426A /* FirebaseDatabase in Frameworks */,
				A4FBE1852B757C2F00D2426A /* FirebaseCrashlytics in Frameworks */,
				A4FBE1D12B757C4E00D2426A /* FirebaseInstallations in Frameworks */,
				A4FBE18D2B757C2F00D2426A /* FirebaseFirestore in Frameworks */,
				A4FBE18B2B757C2F00D2426A /* FirebaseDynamicLinks in Frameworks */,
				A4FBE1A92B757C2F00D2426A /* FirebaseStorageCombine-Community in Frameworks */,
				A4FBE1BF2B757C4E00D2426A /* FirebaseDatabaseSwift in Frameworks */,
				A4FBE1DB2B757C4E00D2426A /* FirebaseRemoteConfigSwift in Frameworks */,
				A4FBE1772B757C2F00D2426A /* FirebaseAnalyticsOnDeviceConversion in Frameworks */,
				A4FBE1D72B757C4E00D2426A /* FirebasePerformance in Frameworks */,
				A4FBE1952B757C2F00D2426A /* FirebaseFunctionsCombine-Community in Frameworks */,
				A4FBE1992B757C2F00D2426A /* FirebaseInAppMessagingSwift-Beta in Frameworks */,
				A4FBE19D2B757C2F00D2426A /* FirebaseMLModelDownloader in Frameworks */,
				A4FBE1972B757C2F00D2426A /* FirebaseInAppMessaging-Beta in Frameworks */,
				A4FBE1C32B757C4E00D2426A /* FirebaseFirestore in Frameworks */,
				A4FBE1C12B757C4E00D2426A /* FirebaseDynamicLinks in Frameworks */,
				A4FBE1C72B757C4E00D2426A /* FirebaseFirestoreSwift in Frameworks */,
				A4FBE1A12B757C2F00D2426A /* FirebasePerformance in Frameworks */,
				A4FBE1D92B757C4E00D2426A /* FirebaseRemoteConfig in Frameworks */,
				A4FBE1C92B757C4E00D2426A /* FirebaseFunctions in Frameworks */,
				A4FBE1CB2B757C4E00D2426A /* FirebaseFunctionsCombine-Community in Frameworks */,
				A4FBE1CD2B757C4E00D2426A /* FirebaseInAppMessaging-Beta in Frameworks */,
				A4FBE1AB2B757C4E00D2426A /* FirebaseAnalytics in Frameworks */,
				A4FBE1832B757C2F00D2426A /* FirebaseAuthCombine-Community in Frameworks */,
				A4FBE1792B757C2F00D2426A /* FirebaseAnalyticsSwift in Frameworks */,
				A4FBE1892B757C2F00D2426A /* FirebaseDatabaseSwift in Frameworks */,
				A4FBE16D2B7575C200D2426A /* FirebaseAnalyticsOnDeviceConversion in Frameworks */,
				A4FBE1A32B757C2F00D2426A /* FirebaseRemoteConfig in Frameworks */,
				A4FBE1732B7575C200D2426A /* FirebaseAppCheck in Frameworks */,
				A4FBE1812B757C2F00D2426A /* FirebaseAuth in Frameworks */,
				A4FBE1932B757C2F00D2426A /* FirebaseFunctions in Frameworks */,
				A4FBE1BB2B757C4E00D2426A /* FirebaseCrashlytics in Frameworks */,
				A4FBE19B2B757C2F00D2426A /* FirebaseInstallations in Frameworks */,
				A4FBE1C52B757C4E00D2426A /* FirebaseFirestoreCombine-Community in Frameworks */,
				A4FBE1B52B757C4E00D2426A /* FirebaseAppDistribution-Beta in Frameworks */,
				A4FBE1912B757C2F00D2426A /* FirebaseFirestoreSwift in Frameworks */,
				A4FBE1D32B757C4E00D2426A /* FirebaseMLModelDownloader in Frameworks */,
				A4FBE17B2B757C2F00D2426A /* FirebaseAnalyticsWithoutAdIdSupport in Frameworks */,
				A4FBE17D2B757C2F00D2426A /* FirebaseAppCheck in Frameworks */,
				A4FBE1A52B757C2F00D2426A /* FirebaseRemoteConfigSwift in Frameworks */,
				A4FBE17F2B757C2F00D2426A /* FirebaseAppDistribution-Beta in Frameworks */,
				A4FBE1712B7575C200D2426A /* FirebaseAnalyticsWithoutAdIdSupport in Frameworks */,
				A4FBE1B92B757C4E00D2426A /* FirebaseAuthCombine-Community in Frameworks */,
			);
			runOnlyForDeploymentPostprocessing = 0;
		};
/* End PBXFrameworksBuildPhase section */

/* Begin PBXGroup section */
		A4FBE1582B75637E00D2426A /* AuthenticationFlow */ = {
			isa = PBXGroup;
			children = (
				CA127CAE2B76A4F9008B502A /* Components */,
				A4FBE1652B7572C000D2426A /* SignInScreen.swift */,
				CA127CAB2B769EE6008B502A /* SignUpScreen.swift */,
			);
			path = AuthenticationFlow;
			sourceTree = "<group>";
		};
		CA127CA82B769E84008B502A /* Services */ = {
			isa = PBXGroup;
			children = (
				CA127CA92B769E97008B502A /* AuthService.swift */,
			);
			path = Services;
			sourceTree = "<group>";
		};
		CA127CAD2B76A4EC008B502A /* Components */ = {
			isa = PBXGroup;
			children = (
				CAA9D6912B66B32A0070D58D /* AlbumView.swift */,
				CAA9D6952B66B9540070D58D /* NewAlbumButton.swift */,
				A4C9B09D2B76721A0006429F /* LogoutButton.swift */,
			);
			path = Components;
			sourceTree = "<group>";
		};
		CA127CAE2B76A4F9008B502A /* Components */ = {
			isa = PBXGroup;
			children = (
				CA127CAF2B76A503008B502A /* EmailTextField.swift */,
				CA127CB12B76A50A008B502A /* PasswordTextField.swift */,
				CA127CB32B76A518008B502A /* AuthButton.swift */,
			);
			path = Components;
			sourceTree = "<group>";
		};
		CAA9D6702B66940A0070D58D = {
			isa = PBXGroup;
			children = (
				CA127CA62B769C7E008B502A /* GoogleService-Info.plist */,
				CAA9D68B2B6698470070D58D /* .swiftlint.yml */,
				CAA9D67B2B66940A0070D58D /* Digitalbum */,
				CAA9D67A2B66940A0070D58D /* Products */,
			);
			sourceTree = "<group>";
		};
		CAA9D67A2B66940A0070D58D /* Products */ = {
			isa = PBXGroup;
			children = (
				CAA9D6792B66940A0070D58D /* Digitalbum.app */,
			);
			name = Products;
			sourceTree = "<group>";
		};
		CAA9D67B2B66940A0070D58D /* Digitalbum */ = {
			isa = PBXGroup;
			children = (
				CAA9D67C2B66940A0070D58D /* DigitalbumApp.swift */,
				CAA9D6992B66B9F20070D58D /* Screens */,
				CAA9D69A2B66B9FF0070D58D /* Models */,
				CA127CA82B769E84008B502A /* Services */,
				CAA9D6802B66940B0070D58D /* Assets.xcassets */,
				CAA9D6822B66940B0070D58D /* Preview Content */,
			);
			path = Digitalbum;
			sourceTree = "<group>";
		};
		CAA9D6822B66940B0070D58D /* Preview Content */ = {
			isa = PBXGroup;
			children = (
				CAA9D6832B66940B0070D58D /* Preview Assets.xcassets */,
			);
			path = "Preview Content";
			sourceTree = "<group>";
		};
		CAA9D6972B66B9CF0070D58D /* HomeScreen */ = {
			isa = PBXGroup;
			children = (
				CA127CAD2B76A4EC008B502A /* Components */,
				CAA9D68D2B66AF220070D58D /* HomeScreen.swift */,
			);
			path = HomeScreen;
			sourceTree = "<group>";
		};
		CAA9D6982B66B9DF0070D58D /* EditAlbumScreen */ = {
			isa = PBXGroup;
			children = (
				CAA9D6932B66B8870070D58D /* EditAlbumScreen.swift */,
			);
			path = EditAlbumScreen;
			sourceTree = "<group>";
		};
		CAA9D6992B66B9F20070D58D /* Screens */ = {
			isa = PBXGroup;
			children = (
				CAA9D67E2B66940A0070D58D /* ContentView.swift */,
				A4FBE1582B75637E00D2426A /* AuthenticationFlow */,
				CAA9D6982B66B9DF0070D58D /* EditAlbumScreen */,
				CAA9D6972B66B9CF0070D58D /* HomeScreen */,
			);
			path = Screens;
			sourceTree = "<group>";
		};
		CAA9D69A2B66B9FF0070D58D /* Models */ = {
			isa = PBXGroup;
			children = (
				CAA9D68F2B66B31C0070D58D /* Album.swift */,
			);
			path = Models;
			sourceTree = "<group>";
		};
/* End PBXGroup section */

/* Begin PBXNativeTarget section */
		CAA9D6782B66940A0070D58D /* Digitalbum */ = {
			isa = PBXNativeTarget;
			buildConfigurationList = CAA9D6872B66940B0070D58D /* Build configuration list for PBXNativeTarget "Digitalbum" */;
			buildPhases = (
				CAA9D6752B66940A0070D58D /* Sources */,
				CAA9D6762B66940A0070D58D /* Frameworks */,
				CAA9D6772B66940A0070D58D /* Resources */,
				CAA9D68A2B6696120070D58D /* SwiftLint */,
			);
			buildRules = (
			);
			dependencies = (
			);
			name = Digitalbum;
			packageProductDependencies = (
				A4FBE16A2B7575C200D2426A /* FirebaseAnalytics */,
				A4FBE16C2B7575C200D2426A /* FirebaseAnalyticsOnDeviceConversion */,
				A4FBE16E2B7575C200D2426A /* FirebaseAnalyticsSwift */,
				A4FBE1702B7575C200D2426A /* FirebaseAnalyticsWithoutAdIdSupport */,
				A4FBE1722B7575C200D2426A /* FirebaseAppCheck */,
				A4FBE1742B757C2F00D2426A /* FirebaseAnalytics */,
				A4FBE1762B757C2F00D2426A /* FirebaseAnalyticsOnDeviceConversion */,
				A4FBE1782B757C2F00D2426A /* FirebaseAnalyticsSwift */,
				A4FBE17A2B757C2F00D2426A /* FirebaseAnalyticsWithoutAdIdSupport */,
				A4FBE17C2B757C2F00D2426A /* FirebaseAppCheck */,
				A4FBE17E2B757C2F00D2426A /* FirebaseAppDistribution-Beta */,
				A4FBE1802B757C2F00D2426A /* FirebaseAuth */,
				A4FBE1822B757C2F00D2426A /* FirebaseAuthCombine-Community */,
				A4FBE1842B757C2F00D2426A /* FirebaseCrashlytics */,
				A4FBE1862B757C2F00D2426A /* FirebaseDatabase */,
				A4FBE1882B757C2F00D2426A /* FirebaseDatabaseSwift */,
				A4FBE18A2B757C2F00D2426A /* FirebaseDynamicLinks */,
				A4FBE18C2B757C2F00D2426A /* FirebaseFirestore */,
				A4FBE18E2B757C2F00D2426A /* FirebaseFirestoreCombine-Community */,
				A4FBE1902B757C2F00D2426A /* FirebaseFirestoreSwift */,
				A4FBE1922B757C2F00D2426A /* FirebaseFunctions */,
				A4FBE1942B757C2F00D2426A /* FirebaseFunctionsCombine-Community */,
				A4FBE1962B757C2F00D2426A /* FirebaseInAppMessaging-Beta */,
				A4FBE1982B757C2F00D2426A /* FirebaseInAppMessagingSwift-Beta */,
				A4FBE19A2B757C2F00D2426A /* FirebaseInstallations */,
				A4FBE19C2B757C2F00D2426A /* FirebaseMLModelDownloader */,
				A4FBE19E2B757C2F00D2426A /* FirebaseMessaging */,
				A4FBE1A02B757C2F00D2426A /* FirebasePerformance */,
				A4FBE1A22B757C2F00D2426A /* FirebaseRemoteConfig */,
				A4FBE1A42B757C2F00D2426A /* FirebaseRemoteConfigSwift */,
				A4FBE1A62B757C2F00D2426A /* FirebaseStorage */,
				A4FBE1A82B757C2F00D2426A /* FirebaseStorageCombine-Community */,
				A4FBE1AA2B757C4E00D2426A /* FirebaseAnalytics */,
				A4FBE1AC2B757C4E00D2426A /* FirebaseAnalyticsOnDeviceConversion */,
				A4FBE1AE2B757C4E00D2426A /* FirebaseAnalyticsSwift */,
				A4FBE1B02B757C4E00D2426A /* FirebaseAnalyticsWithoutAdIdSupport */,
				A4FBE1B22B757C4E00D2426A /* FirebaseAppCheck */,
				A4FBE1B42B757C4E00D2426A /* FirebaseAppDistribution-Beta */,
				A4FBE1B62B757C4E00D2426A /* FirebaseAuth */,
				A4FBE1B82B757C4E00D2426A /* FirebaseAuthCombine-Community */,
				A4FBE1BA2B757C4E00D2426A /* FirebaseCrashlytics */,
				A4FBE1BC2B757C4E00D2426A /* FirebaseDatabase */,
				A4FBE1BE2B757C4E00D2426A /* FirebaseDatabaseSwift */,
				A4FBE1C02B757C4E00D2426A /* FirebaseDynamicLinks */,
				A4FBE1C22B757C4E00D2426A /* FirebaseFirestore */,
				A4FBE1C42B757C4E00D2426A /* FirebaseFirestoreCombine-Community */,
				A4FBE1C62B757C4E00D2426A /* FirebaseFirestoreSwift */,
				A4FBE1C82B757C4E00D2426A /* FirebaseFunctions */,
				A4FBE1CA2B757C4E00D2426A /* FirebaseFunctionsCombine-Community */,
				A4FBE1CC2B757C4E00D2426A /* FirebaseInAppMessaging-Beta */,
				A4FBE1CE2B757C4E00D2426A /* FirebaseInAppMessagingSwift-Beta */,
				A4FBE1D02B757C4E00D2426A /* FirebaseInstallations */,
				A4FBE1D22B757C4E00D2426A /* FirebaseMLModelDownloader */,
				A4FBE1D42B757C4E00D2426A /* FirebaseMessaging */,
				A4FBE1D62B757C4E00D2426A /* FirebasePerformance */,
				A4FBE1D82B757C4E00D2426A /* FirebaseRemoteConfig */,
				A4FBE1DA2B757C4E00D2426A /* FirebaseRemoteConfigSwift */,
				A4FBE1DC2B757C4E00D2426A /* FirebaseStorage */,
				A4FBE1DE2B757C4E00D2426A /* FirebaseStorageCombine-Community */,
			);
			productName = Digitalbum;
			productReference = CAA9D6792B66940A0070D58D /* Digitalbum.app */;
			productType = "com.apple.product-type.application";
		};
/* End PBXNativeTarget section */

/* Begin PBXProject section */
		CAA9D6712B66940A0070D58D /* Project object */ = {
			isa = PBXProject;
			attributes = {
				BuildIndependentTargetsInParallel = 1;
				LastSwiftUpdateCheck = 1510;
				LastUpgradeCheck = 1510;
				TargetAttributes = {
					CAA9D6782B66940A0070D58D = {
						CreatedOnToolsVersion = 15.1;
					};
				};
			};
			buildConfigurationList = CAA9D6742B66940A0070D58D /* Build configuration list for PBXProject "Digitalbum" */;
			compatibilityVersion = "Xcode 14.0";
			developmentRegion = en;
			hasScannedForEncodings = 0;
			knownRegions = (
				en,
				Base,
			);
			mainGroup = CAA9D6702B66940A0070D58D;
			packageReferences = (
				A4FBE1692B7575C200D2426A /* XCRemoteSwiftPackageReference "firebase-ios-sdk" */,
			);
			productRefGroup = CAA9D67A2B66940A0070D58D /* Products */;
			projectDirPath = "";
			projectRoot = "";
			targets = (
				CAA9D6782B66940A0070D58D /* Digitalbum */,
			);
		};
/* End PBXProject section */

/* Begin PBXResourcesBuildPhase section */
		CAA9D6772B66940A0070D58D /* Resources */ = {
			isa = PBXResourcesBuildPhase;
			buildActionMask = 2147483647;
			files = (
				CAA9D68C2B6698470070D58D /* .swiftlint.yml in Resources */,
				CA127CA72B769C7E008B502A /* GoogleService-Info.plist in Resources */,
				CAA9D6842B66940B0070D58D /* Preview Assets.xcassets in Resources */,
				CAA9D6812B66940B0070D58D /* Assets.xcassets in Resources */,
			);
			runOnlyForDeploymentPostprocessing = 0;
		};
/* End PBXResourcesBuildPhase section */

/* Begin PBXShellScriptBuildPhase section */
		CAA9D68A2B6696120070D58D /* SwiftLint */ = {
			isa = PBXShellScriptBuildPhase;
			alwaysOutOfDate = 1;
			buildActionMask = 2147483647;
			files = (
			);
			inputFileListPaths = (
			);
			inputPaths = (
			);
			name = SwiftLint;
			outputFileListPaths = (
			);
			outputPaths = (
			);
			runOnlyForDeploymentPostprocessing = 0;
			shellPath = /bin/sh;
			shellScript = "# Type a script or drag a script file from your workspace to insert its path.\nif [[ \"$(uname -m)\" == arm64 ]]; then\n    export PATH=\"/opt/homebrew/bin:$PATH\"\nfi\n\nif which swiftlint > /dev/null; then\n  swiftlint\nelse\n  echo \"warning: SwiftLint not installed, download from https://github.com/realm/SwiftLint\"\nfi\n";
		};
/* End PBXShellScriptBuildPhase section */

/* Begin PBXSourcesBuildPhase section */
		CAA9D6752B66940A0070D58D /* Sources */ = {
			isa = PBXSourcesBuildPhase;
			buildActionMask = 2147483647;
			files = (
				CAA9D67F2B66940A0070D58D /* ContentView.swift in Sources */,
				CA127CB42B76A518008B502A /* AuthButton.swift in Sources */,
				CAA9D6942B66B8870070D58D /* EditAlbumScreen.swift in Sources */,
				CA127CAC2B769EE6008B502A /* SignUpScreen.swift in Sources */,
				A4C9B09E2B76721A0006429F /* LogoutButton.swift in Sources */,
				A4FBE1662B7572C000D2426A /* SignInScreen.swift in Sources */,
				CAA9D6962B66B9540070D58D /* NewAlbumButton.swift in Sources */,
				CAA9D67D2B66940A0070D58D /* DigitalbumApp.swift in Sources */,
				CAA9D68E2B66AF220070D58D /* HomeScreen.swift in Sources */,
				CA127CB02B76A503008B502A /* EmailTextField.swift in Sources */,
				CA127CB22B76A50A008B502A /* PasswordTextField.swift in Sources */,
				CA127CAA2B769E97008B502A /* AuthService.swift in Sources */,
				CAA9D6922B66B32A0070D58D /* AlbumView.swift in Sources */,
				CAA9D6902B66B31C0070D58D /* Album.swift in Sources */,
			);
			runOnlyForDeploymentPostprocessing = 0;
		};
/* End PBXSourcesBuildPhase section */

/* Begin XCBuildConfiguration section */
		CAA9D6852B66940B0070D58D /* Debug */ = {
			isa = XCBuildConfiguration;
			buildSettings = {
				ALWAYS_SEARCH_USER_PATHS = NO;
				ASSETCATALOG_COMPILER_GENERATE_SWIFT_ASSET_SYMBOL_EXTENSIONS = YES;
				CLANG_ANALYZER_NONNULL = YES;
				CLANG_ANALYZER_NUMBER_OBJECT_CONVERSION = YES_AGGRESSIVE;
				CLANG_CXX_LANGUAGE_STANDARD = "gnu++20";
				CLANG_ENABLE_MODULES = YES;
				CLANG_ENABLE_OBJC_ARC = YES;
				CLANG_ENABLE_OBJC_WEAK = YES;
				CLANG_WARN_BLOCK_CAPTURE_AUTORELEASING = YES;
				CLANG_WARN_BOOL_CONVERSION = YES;
				CLANG_WARN_COMMA = YES;
				CLANG_WARN_CONSTANT_CONVERSION = YES;
				CLANG_WARN_DEPRECATED_OBJC_IMPLEMENTATIONS = YES;
				CLANG_WARN_DIRECT_OBJC_ISA_USAGE = YES_ERROR;
				CLANG_WARN_DOCUMENTATION_COMMENTS = YES;
				CLANG_WARN_EMPTY_BODY = YES;
				CLANG_WARN_ENUM_CONVERSION = YES;
				CLANG_WARN_INFINITE_RECURSION = YES;
				CLANG_WARN_INT_CONVERSION = YES;
				CLANG_WARN_NON_LITERAL_NULL_CONVERSION = YES;
				CLANG_WARN_OBJC_IMPLICIT_RETAIN_SELF = YES;
				CLANG_WARN_OBJC_LITERAL_CONVERSION = YES;
				CLANG_WARN_OBJC_ROOT_CLASS = YES_ERROR;
				CLANG_WARN_QUOTED_INCLUDE_IN_FRAMEWORK_HEADER = YES;
				CLANG_WARN_RANGE_LOOP_ANALYSIS = YES;
				CLANG_WARN_STRICT_PROTOTYPES = YES;
				CLANG_WARN_SUSPICIOUS_MOVE = YES;
				CLANG_WARN_UNGUARDED_AVAILABILITY = YES_AGGRESSIVE;
				CLANG_WARN_UNREACHABLE_CODE = YES;
				CLANG_WARN__DUPLICATE_METHOD_MATCH = YES;
				COPY_PHASE_STRIP = NO;
				DEBUG_INFORMATION_FORMAT = dwarf;
				ENABLE_STRICT_OBJC_MSGSEND = YES;
				ENABLE_TESTABILITY = YES;
				ENABLE_USER_SCRIPT_SANDBOXING = YES;
				GCC_C_LANGUAGE_STANDARD = gnu17;
				GCC_DYNAMIC_NO_PIC = NO;
				GCC_NO_COMMON_BLOCKS = YES;
				GCC_OPTIMIZATION_LEVEL = 0;
				GCC_PREPROCESSOR_DEFINITIONS = (
					"DEBUG=1",
					"$(inherited)",
				);
				GCC_WARN_64_TO_32_BIT_CONVERSION = YES;
				GCC_WARN_ABOUT_RETURN_TYPE = YES_ERROR;
				GCC_WARN_UNDECLARED_SELECTOR = YES;
				GCC_WARN_UNINITIALIZED_AUTOS = YES_AGGRESSIVE;
				GCC_WARN_UNUSED_FUNCTION = YES;
				GCC_WARN_UNUSED_VARIABLE = YES;
				IPHONEOS_DEPLOYMENT_TARGET = 17.2;
				LOCALIZATION_PREFERS_STRING_CATALOGS = YES;
				MTL_ENABLE_DEBUG_INFO = INCLUDE_SOURCE;
				MTL_FAST_MATH = YES;
				ONLY_ACTIVE_ARCH = YES;
				SDKROOT = iphoneos;
				SWIFT_ACTIVE_COMPILATION_CONDITIONS = "DEBUG $(inherited)";
				SWIFT_OPTIMIZATION_LEVEL = "-Onone";
			};
			name = Debug;
		};
		CAA9D6862B66940B0070D58D /* Release */ = {
			isa = XCBuildConfiguration;
			buildSettings = {
				ALWAYS_SEARCH_USER_PATHS = NO;
				ASSETCATALOG_COMPILER_GENERATE_SWIFT_ASSET_SYMBOL_EXTENSIONS = YES;
				CLANG_ANALYZER_NONNULL = YES;
				CLANG_ANALYZER_NUMBER_OBJECT_CONVERSION = YES_AGGRESSIVE;
				CLANG_CXX_LANGUAGE_STANDARD = "gnu++20";
				CLANG_ENABLE_MODULES = YES;
				CLANG_ENABLE_OBJC_ARC = YES;
				CLANG_ENABLE_OBJC_WEAK = YES;
				CLANG_WARN_BLOCK_CAPTURE_AUTORELEASING = YES;
				CLANG_WARN_BOOL_CONVERSION = YES;
				CLANG_WARN_COMMA = YES;
				CLANG_WARN_CONSTANT_CONVERSION = YES;
				CLANG_WARN_DEPRECATED_OBJC_IMPLEMENTATIONS = YES;
				CLANG_WARN_DIRECT_OBJC_ISA_USAGE = YES_ERROR;
				CLANG_WARN_DOCUMENTATION_COMMENTS = YES;
				CLANG_WARN_EMPTY_BODY = YES;
				CLANG_WARN_ENUM_CONVERSION = YES;
				CLANG_WARN_INFINITE_RECURSION = YES;
				CLANG_WARN_INT_CONVERSION = YES;
				CLANG_WARN_NON_LITERAL_NULL_CONVERSION = YES;
				CLANG_WARN_OBJC_IMPLICIT_RETAIN_SELF = YES;
				CLANG_WARN_OBJC_LITERAL_CONVERSION = YES;
				CLANG_WARN_OBJC_ROOT_CLASS = YES_ERROR;
				CLANG_WARN_QUOTED_INCLUDE_IN_FRAMEWORK_HEADER = YES;
				CLANG_WARN_RANGE_LOOP_ANALYSIS = YES;
				CLANG_WARN_STRICT_PROTOTYPES = YES;
				CLANG_WARN_SUSPICIOUS_MOVE = YES;
				CLANG_WARN_UNGUARDED_AVAILABILITY = YES_AGGRESSIVE;
				CLANG_WARN_UNREACHABLE_CODE = YES;
				CLANG_WARN__DUPLICATE_METHOD_MATCH = YES;
				COPY_PHASE_STRIP = NO;
				DEBUG_INFORMATION_FORMAT = "dwarf-with-dsym";
				ENABLE_NS_ASSERTIONS = NO;
				ENABLE_STRICT_OBJC_MSGSEND = YES;
				ENABLE_USER_SCRIPT_SANDBOXING = YES;
				GCC_C_LANGUAGE_STANDARD = gnu17;
				GCC_NO_COMMON_BLOCKS = YES;
				GCC_WARN_64_TO_32_BIT_CONVERSION = YES;
				GCC_WARN_ABOUT_RETURN_TYPE = YES_ERROR;
				GCC_WARN_UNDECLARED_SELECTOR = YES;
				GCC_WARN_UNINITIALIZED_AUTOS = YES_AGGRESSIVE;
				GCC_WARN_UNUSED_FUNCTION = YES;
				GCC_WARN_UNUSED_VARIABLE = YES;
				IPHONEOS_DEPLOYMENT_TARGET = 17.2;
				LOCALIZATION_PREFERS_STRING_CATALOGS = YES;
				MTL_ENABLE_DEBUG_INFO = NO;
				MTL_FAST_MATH = YES;
				SDKROOT = iphoneos;
				SWIFT_COMPILATION_MODE = wholemodule;
				VALIDATE_PRODUCT = YES;
			};
			name = Release;
		};
		CAA9D6882B66940B0070D58D /* Debug */ = {
			isa = XCBuildConfiguration;
			buildSettings = {
				ASSETCATALOG_COMPILER_APPICON_NAME = AppIcon;
				ASSETCATALOG_COMPILER_GLOBAL_ACCENT_COLOR_NAME = AccentColor;
				CODE_SIGN_STYLE = Automatic;
				CURRENT_PROJECT_VERSION = 1;
				DEVELOPMENT_ASSET_PATHS = "\"Digitalbum/Preview Content\"";
				ENABLE_PREVIEWS = YES;
				ENABLE_USER_SCRIPT_SANDBOXING = NO;
				GENERATE_INFOPLIST_FILE = YES;
				INFOPLIST_KEY_UIApplicationSceneManifest_Generation = YES;
				INFOPLIST_KEY_UIApplicationSupportsIndirectInputEvents = YES;
				INFOPLIST_KEY_UILaunchScreen_Generation = YES;
				INFOPLIST_KEY_UISupportedInterfaceOrientations_iPad = "UIInterfaceOrientationPortrait UIInterfaceOrientationPortraitUpsideDown UIInterfaceOrientationLandscapeLeft UIInterfaceOrientationLandscapeRight";
				INFOPLIST_KEY_UISupportedInterfaceOrientations_iPhone = "UIInterfaceOrientationPortrait UIInterfaceOrientationLandscapeLeft UIInterfaceOrientationLandscapeRight";
				LD_RUNPATH_SEARCH_PATHS = (
					"$(inherited)",
					"@executable_path/Frameworks",
				);
				MARKETING_VERSION = 1.0;
				PRODUCT_BUNDLE_IDENTIFIER = "com.uni-sofia.Digitalbum";
				PRODUCT_NAME = "$(TARGET_NAME)";
				SWIFT_EMIT_LOC_STRINGS = YES;
				SWIFT_VERSION = 5.0;
				TARGETED_DEVICE_FAMILY = "1,2";
			};
			name = Debug;
		};
		CAA9D6892B66940B0070D58D /* Release */ = {
			isa = XCBuildConfiguration;
			buildSettings = {
				ASSETCATALOG_COMPILER_APPICON_NAME = AppIcon;
				ASSETCATALOG_COMPILER_GLOBAL_ACCENT_COLOR_NAME = AccentColor;
				CODE_SIGN_STYLE = Automatic;
				CURRENT_PROJECT_VERSION = 1;
				DEVELOPMENT_ASSET_PATHS = "\"Digitalbum/Preview Content\"";
				ENABLE_PREVIEWS = YES;
				ENABLE_USER_SCRIPT_SANDBOXING = NO;
				GENERATE_INFOPLIST_FILE = YES;
				INFOPLIST_KEY_UIApplicationSceneManifest_Generation = YES;
				INFOPLIST_KEY_UIApplicationSupportsIndirectInputEvents = YES;
				INFOPLIST_KEY_UILaunchScreen_Generation = YES;
				INFOPLIST_KEY_UISupportedInterfaceOrientations_iPad = "UIInterfaceOrientationPortrait UIInterfaceOrientationPortraitUpsideDown UIInterfaceOrientationLandscapeLeft UIInterfaceOrientationLandscapeRight";
				INFOPLIST_KEY_UISupportedInterfaceOrientations_iPhone = "UIInterfaceOrientationPortrait UIInterfaceOrientationLandscapeLeft UIInterfaceOrientationLandscapeRight";
				LD_RUNPATH_SEARCH_PATHS = (
					"$(inherited)",
					"@executable_path/Frameworks",
				);
				MARKETING_VERSION = 1.0;
				PRODUCT_BUNDLE_IDENTIFIER = "com.uni-sofia.Digitalbum";
				PRODUCT_NAME = "$(TARGET_NAME)";
				SWIFT_EMIT_LOC_STRINGS = YES;
				SWIFT_VERSION = 5.0;
				TARGETED_DEVICE_FAMILY = "1,2";
			};
			name = Release;
		};
/* End XCBuildConfiguration section */

/* Begin XCConfigurationList section */
		CAA9D6742B66940A0070D58D /* Build configuration list for PBXProject "Digitalbum" */ = {
			isa = XCConfigurationList;
			buildConfigurations = (
				CAA9D6852B66940B0070D58D /* Debug */,
				CAA9D6862B66940B0070D58D /* Release */,
			);
			defaultConfigurationIsVisible = 0;
			defaultConfigurationName = Release;
		};
		CAA9D6872B66940B0070D58D /* Build configuration list for PBXNativeTarget "Digitalbum" */ = {
			isa = XCConfigurationList;
			buildConfigurations = (
				CAA9D6882B66940B0070D58D /* Debug */,
				CAA9D6892B66940B0070D58D /* Release */,
			);
			defaultConfigurationIsVisible = 0;
			defaultConfigurationName = Release;
		};
/* End XCConfigurationList section */

/* Begin XCRemoteSwiftPackageReference section */
		A4FBE1692B7575C200D2426A /* XCRemoteSwiftPackageReference "firebase-ios-sdk" */ = {
			isa = XCRemoteSwiftPackageReference;
			repositoryURL = "https://github.com/firebase/firebase-ios-sdk";
			requirement = {
				kind = upToNextMajorVersion;
				minimumVersion = 10.21.0;
			};
		};
/* End XCRemoteSwiftPackageReference section */

/* Begin XCSwiftPackageProductDependency section */
		A4FBE16A2B7575C200D2426A /* FirebaseAnalytics */ = {
			isa = XCSwiftPackageProductDependency;
			package = A4FBE1692B7575C200D2426A /* XCRemoteSwiftPackageReference "firebase-ios-sdk" */;
			productName = FirebaseAnalytics;
		};
		A4FBE16C2B7575C200D2426A /* FirebaseAnalyticsOnDeviceConversion */ = {
			isa = XCSwiftPackageProductDependency;
			package = A4FBE1692B7575C200D2426A /* XCRemoteSwiftPackageReference "firebase-ios-sdk" */;
			productName = FirebaseAnalyticsOnDeviceConversion;
		};
		A4FBE16E2B7575C200D2426A /* FirebaseAnalyticsSwift */ = {
			isa = XCSwiftPackageProductDependency;
			package = A4FBE1692B7575C200D2426A /* XCRemoteSwiftPackageReference "firebase-ios-sdk" */;
			productName = FirebaseAnalyticsSwift;
		};
		A4FBE1702B7575C200D2426A /* FirebaseAnalyticsWithoutAdIdSupport */ = {
			isa = XCSwiftPackageProductDependency;
			package = A4FBE1692B7575C200D2426A /* XCRemoteSwiftPackageReference "firebase-ios-sdk" */;
			productName = FirebaseAnalyticsWithoutAdIdSupport;
		};
		A4FBE1722B7575C200D2426A /* FirebaseAppCheck */ = {
			isa = XCSwiftPackageProductDependency;
			package = A4FBE1692B7575C200D2426A /* XCRemoteSwiftPackageReference "firebase-ios-sdk" */;
			productName = FirebaseAppCheck;
		};
		A4FBE1742B757C2F00D2426A /* FirebaseAnalytics */ = {
			isa = XCSwiftPackageProductDependency;
			package = A4FBE1692B7575C200D2426A /* XCRemoteSwiftPackageReference "firebase-ios-sdk" */;
			productName = FirebaseAnalytics;
		};
		A4FBE1762B757C2F00D2426A /* FirebaseAnalyticsOnDeviceConversion */ = {
			isa = XCSwiftPackageProductDependency;
			package = A4FBE1692B7575C200D2426A /* XCRemoteSwiftPackageReference "firebase-ios-sdk" */;
			productName = FirebaseAnalyticsOnDeviceConversion;
		};
		A4FBE1782B757C2F00D2426A /* FirebaseAnalyticsSwift */ = {
			isa = XCSwiftPackageProductDependency;
			package = A4FBE1692B7575C200D2426A /* XCRemoteSwiftPackageReference "firebase-ios-sdk" */;
			productName = FirebaseAnalyticsSwift;
		};
		A4FBE17A2B757C2F00D2426A /* FirebaseAnalyticsWithoutAdIdSupport */ = {
			isa = XCSwiftPackageProductDependency;
			package = A4FBE1692B7575C200D2426A /* XCRemoteSwiftPackageReference "firebase-ios-sdk" */;
			productName = FirebaseAnalyticsWithoutAdIdSupport;
		};
		A4FBE17C2B757C2F00D2426A /* FirebaseAppCheck */ = {
			isa = XCSwiftPackageProductDependency;
			package = A4FBE1692B7575C200D2426A /* XCRemoteSwiftPackageReference "firebase-ios-sdk" */;
			productName = FirebaseAppCheck;
		};
		A4FBE17E2B757C2F00D2426A /* FirebaseAppDistribution-Beta */ = {
			isa = XCSwiftPackageProductDependency;
			package = A4FBE1692B7575C200D2426A /* XCRemoteSwiftPackageReference "firebase-ios-sdk" */;
			productName = "FirebaseAppDistribution-Beta";
		};
		A4FBE1802B757C2F00D2426A /* FirebaseAuth */ = {
			isa = XCSwiftPackageProductDependency;
			package = A4FBE1692B7575C200D2426A /* XCRemoteSwiftPackageReference "firebase-ios-sdk" */;
			productName = FirebaseAuth;
		};
		A4FBE1822B757C2F00D2426A /* FirebaseAuthCombine-Community */ = {
			isa = XCSwiftPackageProductDependency;
			package = A4FBE1692B7575C200D2426A /* XCRemoteSwiftPackageReference "firebase-ios-sdk" */;
			productName = "FirebaseAuthCombine-Community";
		};
		A4FBE1842B757C2F00D2426A /* FirebaseCrashlytics */ = {
			isa = XCSwiftPackageProductDependency;
			package = A4FBE1692B7575C200D2426A /* XCRemoteSwiftPackageReference "firebase-ios-sdk" */;
			productName = FirebaseCrashlytics;
		};
		A4FBE1862B757C2F00D2426A /* FirebaseDatabase */ = {
			isa = XCSwiftPackageProductDependency;
			package = A4FBE1692B7575C200D2426A /* XCRemoteSwiftPackageReference "firebase-ios-sdk" */;
			productName = FirebaseDatabase;
		};
		A4FBE1882B757C2F00D2426A /* FirebaseDatabaseSwift */ = {
			isa = XCSwiftPackageProductDependency;
			package = A4FBE1692B7575C200D2426A /* XCRemoteSwiftPackageReference "firebase-ios-sdk" */;
			productName = FirebaseDatabaseSwift;
		};
		A4FBE18A2B757C2F00D2426A /* FirebaseDynamicLinks */ = {
			isa = XCSwiftPackageProductDependency;
			package = A4FBE1692B7575C200D2426A /* XCRemoteSwiftPackageReference "firebase-ios-sdk" */;
			productName = FirebaseDynamicLinks;
		};
		A4FBE18C2B757C2F00D2426A /* FirebaseFirestore */ = {
			isa = XCSwiftPackageProductDependency;
			package = A4FBE1692B7575C200D2426A /* XCRemoteSwiftPackageReference "firebase-ios-sdk" */;
			productName = FirebaseFirestore;
		};
		A4FBE18E2B757C2F00D2426A /* FirebaseFirestoreCombine-Community */ = {
			isa = XCSwiftPackageProductDependency;
			package = A4FBE1692B7575C200D2426A /* XCRemoteSwiftPackageReference "firebase-ios-sdk" */;
			productName = "FirebaseFirestoreCombine-Community";
		};
		A4FBE1902B757C2F00D2426A /* FirebaseFirestoreSwift */ = {
			isa = XCSwiftPackageProductDependency;
			package = A4FBE1692B7575C200D2426A /* XCRemoteSwiftPackageReference "firebase-ios-sdk" */;
			productName = FirebaseFirestoreSwift;
		};
		A4FBE1922B757C2F00D2426A /* FirebaseFunctions */ = {
			isa = XCSwiftPackageProductDependency;
			package = A4FBE1692B7575C200D2426A /* XCRemoteSwiftPackageReference "firebase-ios-sdk" */;
			productName = FirebaseFunctions;
		};
		A4FBE1942B757C2F00D2426A /* FirebaseFunctionsCombine-Community */ = {
			isa = XCSwiftPackageProductDependency;
			package = A4FBE1692B7575C200D2426A /* XCRemoteSwiftPackageReference "firebase-ios-sdk" */;
			productName = "FirebaseFunctionsCombine-Community";
		};
		A4FBE1962B757C2F00D2426A /* FirebaseInAppMessaging-Beta */ = {
			isa = XCSwiftPackageProductDependency;
			package = A4FBE1692B7575C200D2426A /* XCRemoteSwiftPackageReference "firebase-ios-sdk" */;
			productName = "FirebaseInAppMessaging-Beta";
		};
		A4FBE1982B757C2F00D2426A /* FirebaseInAppMessagingSwift-Beta */ = {
			isa = XCSwiftPackageProductDependency;
			package = A4FBE1692B7575C200D2426A /* XCRemoteSwiftPackageReference "firebase-ios-sdk" */;
			productName = "FirebaseInAppMessagingSwift-Beta";
		};
		A4FBE19A2B757C2F00D2426A /* FirebaseInstallations */ = {
			isa = XCSwiftPackageProductDependency;
			package = A4FBE1692B7575C200D2426A /* XCRemoteSwiftPackageReference "firebase-ios-sdk" */;
			productName = FirebaseInstallations;
		};
		A4FBE19C2B757C2F00D2426A /* FirebaseMLModelDownloader */ = {
			isa = XCSwiftPackageProductDependency;
			package = A4FBE1692B7575C200D2426A /* XCRemoteSwiftPackageReference "firebase-ios-sdk" */;
			productName = FirebaseMLModelDownloader;
		};
		A4FBE19E2B757C2F00D2426A /* FirebaseMessaging */ = {
			isa = XCSwiftPackageProductDependency;
			package = A4FBE1692B7575C200D2426A /* XCRemoteSwiftPackageReference "firebase-ios-sdk" */;
			productName = FirebaseMessaging;
		};
		A4FBE1A02B757C2F00D2426A /* FirebasePerformance */ = {
			isa = XCSwiftPackageProductDependency;
			package = A4FBE1692B7575C200D2426A /* XCRemoteSwiftPackageReference "firebase-ios-sdk" */;
			productName = FirebasePerformance;
		};
		A4FBE1A22B757C2F00D2426A /* FirebaseRemoteConfig */ = {
			isa = XCSwiftPackageProductDependency;
			package = A4FBE1692B7575C200D2426A /* XCRemoteSwiftPackageReference "firebase-ios-sdk" */;
			productName = FirebaseRemoteConfig;
		};
		A4FBE1A42B757C2F00D2426A /* FirebaseRemoteConfigSwift */ = {
			isa = XCSwiftPackageProductDependency;
			package = A4FBE1692B7575C200D2426A /* XCRemoteSwiftPackageReference "firebase-ios-sdk" */;
			productName = FirebaseRemoteConfigSwift;
		};
		A4FBE1A62B757C2F00D2426A /* FirebaseStorage */ = {
			isa = XCSwiftPackageProductDependency;
			package = A4FBE1692B7575C200D2426A /* XCRemoteSwiftPackageReference "firebase-ios-sdk" */;
			productName = FirebaseStorage;
		};
		A4FBE1A82B757C2F00D2426A /* FirebaseStorageCombine-Community */ = {
			isa = XCSwiftPackageProductDependency;
			package = A4FBE1692B7575C200D2426A /* XCRemoteSwiftPackageReference "firebase-ios-sdk" */;
			productName = "FirebaseStorageCombine-Community";
		};
		A4FBE1AA2B757C4E00D2426A /* FirebaseAnalytics */ = {
			isa = XCSwiftPackageProductDependency;
			package = A4FBE1692B7575C200D2426A /* XCRemoteSwiftPackageReference "firebase-ios-sdk" */;
			productName = FirebaseAnalytics;
		};
		A4FBE1AC2B757C4E00D2426A /* FirebaseAnalyticsOnDeviceConversion */ = {
			isa = XCSwiftPackageProductDependency;
			package = A4FBE1692B7575C200D2426A /* XCRemoteSwiftPackageReference "firebase-ios-sdk" */;
			productName = FirebaseAnalyticsOnDeviceConversion;
		};
		A4FBE1AE2B757C4E00D2426A /* FirebaseAnalyticsSwift */ = {
			isa = XCSwiftPackageProductDependency;
			package = A4FBE1692B7575C200D2426A /* XCRemoteSwiftPackageReference "firebase-ios-sdk" */;
			productName = FirebaseAnalyticsSwift;
		};
		A4FBE1B02B757C4E00D2426A /* FirebaseAnalyticsWithoutAdIdSupport */ = {
			isa = XCSwiftPackageProductDependency;
			package = A4FBE1692B7575C200D2426A /* XCRemoteSwiftPackageReference "firebase-ios-sdk" */;
			productName = FirebaseAnalyticsWithoutAdIdSupport;
		};
		A4FBE1B22B757C4E00D2426A /* FirebaseAppCheck */ = {
			isa = XCSwiftPackageProductDependency;
			package = A4FBE1692B7575C200D2426A /* XCRemoteSwiftPackageReference "firebase-ios-sdk" */;
			productName = FirebaseAppCheck;
		};
		A4FBE1B42B757C4E00D2426A /* FirebaseAppDistribution-Beta */ = {
			isa = XCSwiftPackageProductDependency;
			package = A4FBE1692B7575C200D2426A /* XCRemoteSwiftPackageReference "firebase-ios-sdk" */;
			productName = "FirebaseAppDistribution-Beta";
		};
		A4FBE1B62B757C4E00D2426A /* FirebaseAuth */ = {
			isa = XCSwiftPackageProductDependency;
			package = A4FBE1692B7575C200D2426A /* XCRemoteSwiftPackageReference "firebase-ios-sdk" */;
			productName = FirebaseAuth;
		};
		A4FBE1B82B757C4E00D2426A /* FirebaseAuthCombine-Community */ = {
			isa = XCSwiftPackageProductDependency;
			package = A4FBE1692B7575C200D2426A /* XCRemoteSwiftPackageReference "firebase-ios-sdk" */;
			productName = "FirebaseAuthCombine-Community";
		};
		A4FBE1BA2B757C4E00D2426A /* FirebaseCrashlytics */ = {
			isa = XCSwiftPackageProductDependency;
			package = A4FBE1692B7575C200D2426A /* XCRemoteSwiftPackageReference "firebase-ios-sdk" */;
			productName = FirebaseCrashlytics;
		};
		A4FBE1BC2B757C4E00D2426A /* FirebaseDatabase */ = {
			isa = XCSwiftPackageProductDependency;
			package = A4FBE1692B7575C200D2426A /* XCRemoteSwiftPackageReference "firebase-ios-sdk" */;
			productName = FirebaseDatabase;
		};
		A4FBE1BE2B757C4E00D2426A /* FirebaseDatabaseSwift */ = {
			isa = XCSwiftPackageProductDependency;
			package = A4FBE1692B7575C200D2426A /* XCRemoteSwiftPackageReference "firebase-ios-sdk" */;
			productName = FirebaseDatabaseSwift;
		};
		A4FBE1C02B757C4E00D2426A /* FirebaseDynamicLinks */ = {
			isa = XCSwiftPackageProductDependency;
			package = A4FBE1692B7575C200D2426A /* XCRemoteSwiftPackageReference "firebase-ios-sdk" */;
			productName = FirebaseDynamicLinks;
		};
		A4FBE1C22B757C4E00D2426A /* FirebaseFirestore */ = {
			isa = XCSwiftPackageProductDependency;
			package = A4FBE1692B7575C200D2426A /* XCRemoteSwiftPackageReference "firebase-ios-sdk" */;
			productName = FirebaseFirestore;
		};
		A4FBE1C42B757C4E00D2426A /* FirebaseFirestoreCombine-Community */ = {
			isa = XCSwiftPackageProductDependency;
			package = A4FBE1692B7575C200D2426A /* XCRemoteSwiftPackageReference "firebase-ios-sdk" */;
			productName = "FirebaseFirestoreCombine-Community";
		};
		A4FBE1C62B757C4E00D2426A /* FirebaseFirestoreSwift */ = {
			isa = XCSwiftPackageProductDependency;
			package = A4FBE1692B7575C200D2426A /* XCRemoteSwiftPackageReference "firebase-ios-sdk" */;
			productName = FirebaseFirestoreSwift;
		};
		A4FBE1C82B757C4E00D2426A /* FirebaseFunctions */ = {
			isa = XCSwiftPackageProductDependency;
			package = A4FBE1692B7575C200D2426A /* XCRemoteSwiftPackageReference "firebase-ios-sdk" */;
			productName = FirebaseFunctions;
		};
		A4FBE1CA2B757C4E00D2426A /* FirebaseFunctionsCombine-Community */ = {
			isa = XCSwiftPackageProductDependency;
			package = A4FBE1692B7575C200D2426A /* XCRemoteSwiftPackageReference "firebase-ios-sdk" */;
			productName = "FirebaseFunctionsCombine-Community";
		};
		A4FBE1CC2B757C4E00D2426A /* FirebaseInAppMessaging-Beta */ = {
			isa = XCSwiftPackageProductDependency;
			package = A4FBE1692B7575C200D2426A /* XCRemoteSwiftPackageReference "firebase-ios-sdk" */;
			productName = "FirebaseInAppMessaging-Beta";
		};
		A4FBE1CE2B757C4E00D2426A /* FirebaseInAppMessagingSwift-Beta */ = {
			isa = XCSwiftPackageProductDependency;
			package = A4FBE1692B7575C200D2426A /* XCRemoteSwiftPackageReference "firebase-ios-sdk" */;
			productName = "FirebaseInAppMessagingSwift-Beta";
		};
		A4FBE1D02B757C4E00D2426A /* FirebaseInstallations */ = {
			isa = XCSwiftPackageProductDependency;
			package = A4FBE1692B7575C200D2426A /* XCRemoteSwiftPackageReference "firebase-ios-sdk" */;
			productName = FirebaseInstallations;
		};
		A4FBE1D22B757C4E00D2426A /* FirebaseMLModelDownloader */ = {
			isa = XCSwiftPackageProductDependency;
			package = A4FBE1692B7575C200D2426A /* XCRemoteSwiftPackageReference "firebase-ios-sdk" */;
			productName = FirebaseMLModelDownloader;
		};
		A4FBE1D42B757C4E00D2426A /* FirebaseMessaging */ = {
			isa = XCSwiftPackageProductDependency;
			package = A4FBE1692B7575C200D2426A /* XCRemoteSwiftPackageReference "firebase-ios-sdk" */;
			productName = FirebaseMessaging;
		};
		A4FBE1D62B757C4E00D2426A /* FirebasePerformance */ = {
			isa = XCSwiftPackageProductDependency;
			package = A4FBE1692B7575C200D2426A /* XCRemoteSwiftPackageReference "firebase-ios-sdk" */;
			productName = FirebasePerformance;
		};
		A4FBE1D82B757C4E00D2426A /* FirebaseRemoteConfig */ = {
			isa = XCSwiftPackageProductDependency;
			package = A4FBE1692B7575C200D2426A /* XCRemoteSwiftPackageReference "firebase-ios-sdk" */;
			productName = FirebaseRemoteConfig;
		};
		A4FBE1DA2B757C4E00D2426A /* FirebaseRemoteConfigSwift */ = {
			isa = XCSwiftPackageProductDependency;
			package = A4FBE1692B7575C200D2426A /* XCRemoteSwiftPackageReference "firebase-ios-sdk" */;
			productName = FirebaseRemoteConfigSwift;
		};
		A4FBE1DC2B757C4E00D2426A /* FirebaseStorage */ = {
			isa = XCSwiftPackageProductDependency;
			package = A4FBE1692B7575C200D2426A /* XCRemoteSwiftPackageReference "firebase-ios-sdk" */;
			productName = FirebaseStorage;
		};
		A4FBE1DE2B757C4E00D2426A /* FirebaseStorageCombine-Community */ = {
			isa = XCSwiftPackageProductDependency;
			package = A4FBE1692B7575C200D2426A /* XCRemoteSwiftPackageReference "firebase-ios-sdk" */;
			productName = "FirebaseStorageCombine-Community";
		};
/* End XCSwiftPackageProductDependency section */
	};
	rootObject = CAA9D6712B66940A0070D58D /* Project object */;
}
